
Microsoft Visual Studio Solution File, Format Version 12.00
# Visual Studio Version 17
VisualStudioVersion = 17.0.31903.59
MinimumVisualStudioVersion = 10.0.40219.1
Project("{2150E333-8FDC-42A3-9474-1A3956D46DE8}") = "src", "src", "{5AB8C8A5-6E58-4E9F-8DB5-391B964178BF}"
EndProject
Project("{FAE04EC0-301F-11D3-BF4B-00C04F79EFBC}") = "Escendit.Tools.CodeAnalysis.xUnitAnalyzers", "src\Escendit.Tools.CodeAnalysis.xUnitAnalyzers\Escendit.Tools.CodeAnalysis.xUnitAnalyzers.csproj", "{61B11CD8-4747-43CB-8523-E60C26B3A236}"
EndProject
Global
	GlobalSection(SolutionConfigurationPlatforms) = preSolution
		Debug|Any CPU = Debug|Any CPU
		Release|Any CPU = Release|Any CPU
	EndGlobalSection
	GlobalSection(SolutionProperties) = preSolution
		HideSolutionNode = FALSE
	EndGlobalSection
	GlobalSection(NestedProjects) = preSolution
		{61B11CD8-4747-43CB-8523-E60C26B3A236} = {5AB8C8A5-6E58-4E9F-8DB5-391B964178BF}
	EndGlobalSection
	GlobalSection(ProjectConfigurationPlatforms) = postSolution
		{61B11CD8-4747-43CB-8523-E60C26B3A236}.Debug|Any CPU.ActiveCfg = Debug|Any CPU
		{61B11CD8-4747-43CB-8523-E60C26B3A236}.Debug|Any CPU.Build.0 = Debug|Any CPU
		{61B11CD8-4747-43CB-8523-E60C26B3A236}.Release|Any CPU.ActiveCfg = Release|Any CPU
		{61B11CD8-4747-43CB-8523-E60C26B3A236}.Release|Any CPU.Build.0 = Release|Any CPU
	EndGlobalSection
EndGlobal
